
Microsoft Visual Studio Solution File, Format Version 12.00
# Visual Studio Version 17
VisualStudioVersion = 17.0.31903.59
MinimumVisualStudioVersion = 10.0.40219.1
Project("{9A19103F-16F7-4668-BE54-9A1E7A4F7556}") = "ApiExampleApp", "ApiExampleApp\ApiExampleApp.csproj", "{4E754972-A2CB-4409-A357-56A1830E2A00}"
EndProject
Global
	GlobalSection(SolutionConfigurationPlatforms) = preSolution
		Debug|Any CPU = Debug|Any CPU
		Release|Any CPU = Release|Any CPU
	EndGlobalSection
	GlobalSection(ProjectConfigurationPlatforms) = postSolution
		{4E754972-A2CB-4409-A357-56A1830E2A00}.Debug|Any CPU.ActiveCfg = Debug|Any CPU
		{4E754972-A2CB-4409-A357-56A1830E2A00}.Debug|Any CPU.Build.0 = Debug|Any CPU
		{4E754972-A2CB-4409-A357-56A1830E2A00}.Release|Any CPU.ActiveCfg = Release|Any CPU
		{4E754972-A2CB-4409-A357-56A1830E2A00}.Release|Any CPU.Build.0 = Release|Any CPU
	EndGlobalSection
	GlobalSection(SolutionProperties) = preSolution
		HideSolutionNode = FALSE
	EndGlobalSection
	GlobalSection(ExtensibilityGlobals) = postSolution
		SolutionGuid = {FE250EC1-16E7-4877-8EB9-893DB87A7E06}
	EndGlobalSection
EndGlobal
